
Microsoft Visual Studio Solution File, Format Version 12.00
# Visual Studio Version 17
VisualStudioVersion = 17.9.34728.123
MinimumVisualStudioVersion = 10.0.40219.1
Project("{FAE04EC0-301F-11D3-BF4B-00C04F79EFBC}") = "KMS1_06_LE_02_03", "KMS1_06_LE_02_03\KMS1_06_LE_02_03.csproj", "{573C9671-5067-4D20-B82D-E135FB98BA4A}"
EndProject
Global
	GlobalSection(SolutionConfigurationPlatforms) = preSolution
		Debug|Any CPU = Debug|Any CPU
		Release|Any CPU = Release|Any CPU
	EndGlobalSection
	GlobalSection(ProjectConfigurationPlatforms) = postSolution
		{573C9671-5067-4D20-B82D-E135FB98BA4A}.Debug|Any CPU.ActiveCfg = Debug|Any CPU
		{573C9671-5067-4D20-B82D-E135FB98BA4A}.Debug|Any CPU.Build.0 = Debug|Any CPU
		{573C9671-5067-4D20-B82D-E135FB98BA4A}.Release|Any CPU.ActiveCfg = Release|Any CPU
		{573C9671-5067-4D20-B82D-E135FB98BA4A}.Release|Any CPU.Build.0 = Release|Any CPU
	EndGlobalSection
	GlobalSection(SolutionProperties) = preSolution
		HideSolutionNode = FALSE
	EndGlobalSection
	GlobalSection(ExtensibilityGlobals) = postSolution
		SolutionGuid = {B6B48C7F-D801-4ECC-AF05-C60F63F13F67}
	EndGlobalSection
EndGlobal
